
Microsoft Visual Studio Solution File, Format Version 12.00
# Visual Studio Version 16
VisualStudioVersion = 16.0.31424.327
MinimumVisualStudioVersion = 10.0.40219.1
Project("{FAE04EC0-301F-11D3-BF4B-00C04F79EFBC}") = "ToolCrawlData", "ToolCrawlData\ToolCrawlData.csproj", "{5D6B0CE4-B211-4B60-B86A-CE6E74A1D722}"
EndProject
Global
	GlobalSection(SolutionConfigurationPlatforms) = preSolution
		Debug|Any CPU = Debug|Any CPU
		Release|Any CPU = Release|Any CPU
	EndGlobalSection
	GlobalSection(ProjectConfigurationPlatforms) = postSolution
		{5D6B0CE4-B211-4B60-B86A-CE6E74A1D722}.Debug|Any CPU.ActiveCfg = Debug|Any CPU
		{5D6B0CE4-B211-4B60-B86A-CE6E74A1D722}.Debug|Any CPU.Build.0 = Debug|Any CPU
		{5D6B0CE4-B211-4B60-B86A-CE6E74A1D722}.Release|Any CPU.ActiveCfg = Release|Any CPU
		{5D6B0CE4-B211-4B60-B86A-CE6E74A1D722}.Release|Any CPU.Build.0 = Release|Any CPU
	EndGlobalSection
	GlobalSection(SolutionProperties) = preSolution
		HideSolutionNode = FALSE
	EndGlobalSection
	GlobalSection(ExtensibilityGlobals) = postSolution
		SolutionGuid = {23978201-E7E4-4708-9029-CAB89C2D966F}
	EndGlobalSection
EndGlobal
